
Microsoft Visual Studio Solution File, Format Version 10.00
# Visual Studio 2008
Project("{8BC9CEB8-8B4A-11D0-8D11-00A0C91BC942}") = "calculate_digest", "calculate_digest.vcproj", "{4F382862-6232-4D11-BE6E-CFEC9B81795C}"
EndProject
Global
	GlobalSection(SolutionConfigurationPlatforms) = preSolution
		Debug|Win32 = Debug|Win32
		Release|Win32 = Release|Win32
	EndGlobalSection
	GlobalSection(ProjectConfigurationPlatforms) = postSolution
		{4F382862-6232-4D11-BE6E-CFEC9B81795C}.Debug|Win32.ActiveCfg = Debug|Win32
		{4F382862-6232-4D11-BE6E-CFEC9B81795C}.Debug|Win32.Build.0 = Debug|Win32
		{4F382862-6232-4D11-BE6E-CFEC9B81795C}.Release|Win32.ActiveCfg = Release|Win32
		{4F382862-6232-4D11-BE6E-CFEC9B81795C}.Release|Win32.Build.0 = Release|Win32
	EndGlobalSection
	GlobalSection(SolutionProperties) = preSolution
		HideSolutionNode = FALSE
	EndGlobalSection
EndGlobal
